{
  "originHash" : "715a3eabe25ad1f87606227b0952838cb819c90c23b783f4e0c00ffd4e29c3a8",
  "pins" : [
    {
      "identity" : "skip",
      "kind" : "remoteSourceControl",
      "location" : "https://source.skip.tools/skip.git",
      "state" : {
        "revision" : "b1e1ecaa28596643799457261fbeca94283be71d",
        "version" : "1.9.2"
      }
    },
    {
      "identity" : "skip-foundation",
      "kind" : "remoteSourceControl",
      "location" : "https://source.skip.tools/skip-foundation.git",
      "state" : {
        "revision" : "1854caad39cc2c9ce18e4d6765c79f026059e67e",
        "version" : "1.4.1"
      }
    },
    {
      "identity" : "skip-lib",
      "kind" : "remoteSourceControl",
      "location" : "https://source.skip.tools/skip-lib.git",
      "state" : {
        "revision" : "76e7da8a870b5b66ea0c3264f648b58b73bcdc0d",
        "version" : "1.4.0"
      }
    },
    {
      "identity" : "skip-unit",
      "kind" : "remoteSourceControl",
      "location" : "https://source.skip.tools/skip-unit.git",
      "state" : {
        "revision" : "c89af47fd645e04db863e938ade39f91e1bb62b8",
        "version" : "1.7.0"
      }
    }
  ],
  "version" : 3
}
